
Microsoft Visual Studio Solution File, Format Version 12.00
# Visual Studio Version 16
VisualStudioVersion = 16.0.31702.278
MinimumVisualStudioVersion = 10.0.40219.1
Project("{8BC9CEB8-8B4A-11D0-8D11-00A0C91BC942}") = "ConsoleApplication1", "ConsoleApplication1\ConsoleApplication1.vcxproj", "{4DCC0183-4223-4F29-9679-44865A0DC59A}"
EndProject
Project("{8BC9CEB8-8B4A-11D0-8D11-00A0C91BC942}") = "UnitTest1", "UnitTest1\UnitTest1.vcxproj", "{4449D679-AB07-4578-AA78-BAF468EC984D}"
EndProject
Global
	GlobalSection(SolutionConfigurationPlatforms) = preSolution
		Debug|x64 = Debug|x64
		Debug|x86 = Debug|x86
		Release|x64 = Release|x64
		Release|x86 = Release|x86
	EndGlobalSection
	GlobalSection(ProjectConfigurationPlatforms) = postSolution
		{4DCC0183-4223-4F29-9679-44865A0DC59A}.Debug|x64.ActiveCfg = Debug|x64
		{4DCC0183-4223-4F29-9679-44865A0DC59A}.Debug|x64.Build.0 = Debug|x64
		{4DCC0183-4223-4F29-9679-44865A0DC59A}.Debug|x86.ActiveCfg = Debug|Win32
		{4DCC0183-4223-4F29-9679-44865A0DC59A}.Debug|x86.Build.0 = Debug|Win32
		{4DCC0183-4223-4F29-9679-44865A0DC59A}.Release|x64.ActiveCfg = Release|x64
		{4DCC0183-4223-4F29-9679-44865A0DC59A}.Release|x64.Build.0 = Release|x64
		{4DCC0183-4223-4F29-9679-44865A0DC59A}.Release|x86.ActiveCfg = Release|Win32
		{4DCC0183-4223-4F29-9679-44865A0DC59A}.Release|x86.Build.0 = Release|Win32
		{4449D679-AB07-4578-AA78-BAF468EC984D}.Debug|x64.ActiveCfg = Debug|x64
		{4449D679-AB07-4578-AA78-BAF468EC984D}.Debug|x64.Build.0 = Debug|x64
		{4449D679-AB07-4578-AA78-BAF468EC984D}.Debug|x86.ActiveCfg = Debug|Win32
		{4449D679-AB07-4578-AA78-BAF468EC984D}.Debug|x86.Build.0 = Debug|Win32
		{4449D679-AB07-4578-AA78-BAF468EC984D}.Release|x64.ActiveCfg = Release|x64
		{4449D679-AB07-4578-AA78-BAF468EC984D}.Release|x64.Build.0 = Release|x64
		{4449D679-AB07-4578-AA78-BAF468EC984D}.Release|x86.ActiveCfg = Release|Win32
		{4449D679-AB07-4578-AA78-BAF468EC984D}.Release|x86.Build.0 = Release|Win32
	EndGlobalSection
	GlobalSection(SolutionProperties) = preSolution
		HideSolutionNode = FALSE
	EndGlobalSection
	GlobalSection(ExtensibilityGlobals) = postSolution
		SolutionGuid = {3EB56AE2-C3DB-4C9A-988D-BB1FBC288DCE}
	EndGlobalSection
EndGlobal
